
Microsoft Visual Studio Solution File, Format Version 12.00
# Visual Studio 15
VisualStudioVersion = 15.0.28307.421
MinimumVisualStudioVersion = 10.0.40219.1
Project("{8BC9CEB8-8B4A-11D0-8D11-00A0C91BC942}") = "GameOfChips", "GameOfChips\GameOfChips.vcxproj", "{715460C5-0961-49C8-9C85-CAA3FC8DCE9F}"
EndProject
Project("{8BC9CEB8-8B4A-11D0-8D11-00A0C91BC942}") = "Loops", "Loops\Loops.vcxproj", "{EB0441E4-6F61-4CCD-9FAE-95EB1453DE2F}"
EndProject
Project("{8BC9CEB8-8B4A-11D0-8D11-00A0C91BC942}") = "Functions", "Functions\Functions.vcxproj", "{2FF4121F-1D8E-43D1-B524-004F9141F425}"
EndProject
Project("{8BC9CEB8-8B4A-11D0-8D11-00A0C91BC942}") = "FileIO", "FileIO\FileIO.vcxproj", "{D151825D-4D54-4E5C-A99C-D6B7AEC51354}"
EndProject
Project("{8BC9CEB8-8B4A-11D0-8D11-00A0C91BC942}") = "DataStructures", "DataStructures\DataStructures.vcxproj", "{C031B95E-BE9D-4876-9BD0-F1551638C662}"
EndProject
Project("{8BC9CEB8-8B4A-11D0-8D11-00A0C91BC942}") = "Pointers", "Pointers\Pointers.vcxproj", "{F49E7F21-E346-4F10-B4EA-A98C9F8124E2}"
EndProject
Project("{8BC9CEB8-8B4A-11D0-8D11-00A0C91BC942}") = "LinkedList", "LinkedList\LinkedList.vcxproj", "{5D1FCFBD-547D-442A-A90A-5F64282DDC93}"
EndProject
Project("{8BC9CEB8-8B4A-11D0-8D11-00A0C91BC942}") = "Scratch", "Scratch\Scratch.vcxproj", "{169DA8E3-9C14-4647-8548-5F90A3D6B773}"
EndProject
Project("{8BC9CEB8-8B4A-11D0-8D11-00A0C91BC942}") = "Scratch1", "Scratch1\Scratch1.vcxproj", "{C9826DEB-B230-45E7-9C09-9323E8AAF4B6}"
EndProject
Project("{8BC9CEB8-8B4A-11D0-8D11-00A0C91BC942}") = "bitFields", "bitFields\bitFields.vcxproj", "{95CDD953-522B-4198-A492-904C560822A4}"
EndProject
Project("{8BC9CEB8-8B4A-11D0-8D11-00A0C91BC942}") = "Scratch3", "Scratch3\Scratch3.vcxproj", "{33597CA9-BAD6-41AD-9829-97E8E862691A}"
EndProject
Project("{8BC9CEB8-8B4A-11D0-8D11-00A0C91BC942}") = "Templates", "Templates\Templates.vcxproj", "{DDF99DDE-D0E6-4D98-B3DD-6ABA64840B4F}"
EndProject
Project("{8BC9CEB8-8B4A-11D0-8D11-00A0C91BC942}") = "CStrings", "CStrings\CStrings.vcxproj", "{1429E8E6-53D2-4941-995A-7923F1DC1F03}"
EndProject
Project("{8BC9CEB8-8B4A-11D0-8D11-00A0C91BC942}") = "errors", "errors\errors.vcxproj", "{6C577A9F-C0B8-45F4-8CEA-91D9DAD1AF6F}"
EndProject
Project("{8BC9CEB8-8B4A-11D0-8D11-00A0C91BC942}") = "Vector", "Vector\Vector.vcxproj", "{2EA681D8-0C1A-4C42-A4D9-B7AA4FAFAC55}"
EndProject
Project("{8BC9CEB8-8B4A-11D0-8D11-00A0C91BC942}") = "String", "String\String.vcxproj", "{E51C9477-CE79-4829-BEC6-6B849544B6FB}"
EndProject
Project("{8BC9CEB8-8B4A-11D0-8D11-00A0C91BC942}") = "IOstream", "IOstream\IOstream.vcxproj", "{79702AB0-12D0-4863-8CD0-E0EE04774DE5}"
EndProject
Project("{8BC9CEB8-8B4A-11D0-8D11-00A0C91BC942}") = "Exception", "Exception\Exception.vcxproj", "{CF6A0359-28C0-4462-B223-32FAD9E56B1F}"
EndProject
Global
	GlobalSection(SolutionConfigurationPlatforms) = preSolution
		Debug|x64 = Debug|x64
		Debug|x86 = Debug|x86
		Release|x64 = Release|x64
		Release|x86 = Release|x86
	EndGlobalSection
	GlobalSection(ProjectConfigurationPlatforms) = postSolution
		{715460C5-0961-49C8-9C85-CAA3FC8DCE9F}.Debug|x64.ActiveCfg = Debug|x64
		{715460C5-0961-49C8-9C85-CAA3FC8DCE9F}.Debug|x64.Build.0 = Debug|x64
		{715460C5-0961-49C8-9C85-CAA3FC8DCE9F}.Debug|x86.ActiveCfg = Debug|Win32
		{715460C5-0961-49C8-9C85-CAA3FC8DCE9F}.Debug|x86.Build.0 = Debug|Win32
		{715460C5-0961-49C8-9C85-CAA3FC8DCE9F}.Release|x64.ActiveCfg = Release|x64
		{715460C5-0961-49C8-9C85-CAA3FC8DCE9F}.Release|x64.Build.0 = Release|x64
		{715460C5-0961-49C8-9C85-CAA3FC8DCE9F}.Release|x86.ActiveCfg = Release|Win32
		{715460C5-0961-49C8-9C85-CAA3FC8DCE9F}.Release|x86.Build.0 = Release|Win32
		{EB0441E4-6F61-4CCD-9FAE-95EB1453DE2F}.Debug|x64.ActiveCfg = Debug|x64
		{EB0441E4-6F61-4CCD-9FAE-95EB1453DE2F}.Debug|x64.Build.0 = Debug|x64
		{EB0441E4-6F61-4CCD-9FAE-95EB1453DE2F}.Debug|x86.ActiveCfg = Debug|Win32
		{EB0441E4-6F61-4CCD-9FAE-95EB1453DE2F}.Debug|x86.Build.0 = Debug|Win32
		{EB0441E4-6F61-4CCD-9FAE-95EB1453DE2F}.Release|x64.ActiveCfg = Release|x64
		{EB0441E4-6F61-4CCD-9FAE-95EB1453DE2F}.Release|x64.Build.0 = Release|x64
		{EB0441E4-6F61-4CCD-9FAE-95EB1453DE2F}.Release|x86.ActiveCfg = Release|Win32
		{EB0441E4-6F61-4CCD-9FAE-95EB1453DE2F}.Release|x86.Build.0 = Release|Win32
		{2FF4121F-1D8E-43D1-B524-004F9141F425}.Debug|x64.ActiveCfg = Debug|x64
		{2FF4121F-1D8E-43D1-B524-004F9141F425}.Debug|x64.Build.0 = Debug|x64
		{2FF4121F-1D8E-43D1-B524-004F9141F425}.Debug|x86.ActiveCfg = Debug|Win32
		{2FF4121F-1D8E-43D1-B524-004F9141F425}.Debug|x86.Build.0 = Debug|Win32
		{2FF4121F-1D8E-43D1-B524-004F9141F425}.Release|x64.ActiveCfg = Release|x64
		{2FF4121F-1D8E-43D1-B524-004F9141F425}.Release|x64.Build.0 = Release|x64
		{2FF4121F-1D8E-43D1-B524-004F9141F425}.Release|x86.ActiveCfg = Release|Win32
		{2FF4121F-1D8E-43D1-B524-004F9141F425}.Release|x86.Build.0 = Release|Win32
		{D151825D-4D54-4E5C-A99C-D6B7AEC51354}.Debug|x64.ActiveCfg = Debug|x64
		{D151825D-4D54-4E5C-A99C-D6B7AEC51354}.Debug|x64.Build.0 = Debug|x64
		{D151825D-4D54-4E5C-A99C-D6B7AEC51354}.Debug|x86.ActiveCfg = Debug|Win32
		{D151825D-4D54-4E5C-A99C-D6B7AEC51354}.Debug|x86.Build.0 = Debug|Win32
		{D151825D-4D54-4E5C-A99C-D6B7AEC51354}.Release|x64.ActiveCfg = Release|x64
		{D151825D-4D54-4E5C-A99C-D6B7AEC51354}.Release|x64.Build.0 = Release|x64
		{D151825D-4D54-4E5C-A99C-D6B7AEC51354}.Release|x86.ActiveCfg = Release|Win32
		{D151825D-4D54-4E5C-A99C-D6B7AEC51354}.Release|x86.Build.0 = Release|Win32
		{C031B95E-BE9D-4876-9BD0-F1551638C662}.Debug|x64.ActiveCfg = Debug|x64
		{C031B95E-BE9D-4876-9BD0-F1551638C662}.Debug|x64.Build.0 = Debug|x64
		{C031B95E-BE9D-4876-9BD0-F1551638C662}.Debug|x86.ActiveCfg = Debug|Win32
		{C031B95E-BE9D-4876-9BD0-F1551638C662}.Debug|x86.Build.0 = Debug|Win32
		{C031B95E-BE9D-4876-9BD0-F1551638C662}.Release|x64.ActiveCfg = Release|x64
		{C031B95E-BE9D-4876-9BD0-F1551638C662}.Release|x64.Build.0 = Release|x64
		{C031B95E-BE9D-4876-9BD0-F1551638C662}.Release|x86.ActiveCfg = Release|Win32
		{C031B95E-BE9D-4876-9BD0-F1551638C662}.Release|x86.Build.0 = Release|Win32
		{F49E7F21-E346-4F10-B4EA-A98C9F8124E2}.Debug|x64.ActiveCfg = Debug|x64
		{F49E7F21-E346-4F10-B4EA-A98C9F8124E2}.Debug|x64.Build.0 = Debug|x64
		{F49E7F21-E346-4F10-B4EA-A98C9F8124E2}.Debug|x86.ActiveCfg = Debug|Win32
		{F49E7F21-E346-4F10-B4EA-A98C9F8124E2}.Debug|x86.Build.0 = Debug|Win32
		{F49E7F21-E346-4F10-B4EA-A98C9F8124E2}.Release|x64.ActiveCfg = Release|x64
		{F49E7F21-E346-4F10-B4EA-A98C9F8124E2}.Release|x64.Build.0 = Release|x64
		{F49E7F21-E346-4F10-B4EA-A98C9F8124E2}.Release|x86.ActiveCfg = Release|Win32
		{F49E7F21-E346-4F10-B4EA-A98C9F8124E2}.Release|x86.Build.0 = Release|Win32
		{5D1FCFBD-547D-442A-A90A-5F64282DDC93}.Debug|x64.ActiveCfg = Debug|x64
		{5D1FCFBD-547D-442A-A90A-5F64282DDC93}.Debug|x64.Build.0 = Debug|x64
		{5D1FCFBD-547D-442A-A90A-5F64282DDC93}.Debug|x86.ActiveCfg = Debug|Win32
		{5D1FCFBD-547D-442A-A90A-5F64282DDC93}.Debug|x86.Build.0 = Debug|Win32
		{5D1FCFBD-547D-442A-A90A-5F64282DDC93}.Release|x64.ActiveCfg = Release|x64
		{5D1FCFBD-547D-442A-A90A-5F64282DDC93}.Release|x64.Build.0 = Release|x64
		{5D1FCFBD-547D-442A-A90A-5F64282DDC93}.Release|x86.ActiveCfg = Release|Win32
		{5D1FCFBD-547D-442A-A90A-5F64282DDC93}.Release|x86.Build.0 = Release|Win32
		{169DA8E3-9C14-4647-8548-5F90A3D6B773}.Debug|x64.ActiveCfg = Debug|x64
		{169DA8E3-9C14-4647-8548-5F90A3D6B773}.Debug|x64.Build.0 = Debug|x64
		{169DA8E3-9C14-4647-8548-5F90A3D6B773}.Debug|x86.ActiveCfg = Debug|Win32
		{169DA8E3-9C14-4647-8548-5F90A3D6B773}.Debug|x86.Build.0 = Debug|Win32
		{169DA8E3-9C14-4647-8548-5F90A3D6B773}.Release|x64.ActiveCfg = Release|x64
		{169DA8E3-9C14-4647-8548-5F90A3D6B773}.Release|x64.Build.0 = Release|x64
		{169DA8E3-9C14-4647-8548-5F90A3D6B773}.Release|x86.ActiveCfg = Release|Win32
		{169DA8E3-9C14-4647-8548-5F90A3D6B773}.Release|x86.Build.0 = Release|Win32
		{C9826DEB-B230-45E7-9C09-9323E8AAF4B6}.Debug|x64.ActiveCfg = Debug|x64
		{C9826DEB-B230-45E7-9C09-9323E8AAF4B6}.Debug|x64.Build.0 = Debug|x64
		{C9826DEB-B230-45E7-9C09-9323E8AAF4B6}.Debug|x86.ActiveCfg = Debug|Win32
		{C9826DEB-B230-45E7-9C09-9323E8AAF4B6}.Debug|x86.Build.0 = Debug|Win32
		{C9826DEB-B230-45E7-9C09-9323E8AAF4B6}.Release|x64.ActiveCfg = Release|x64
		{C9826DEB-B230-45E7-9C09-9323E8AAF4B6}.Release|x64.Build.0 = Release|x64
		{C9826DEB-B230-45E7-9C09-9323E8AAF4B6}.Release|x86.ActiveCfg = Release|Win32
		{C9826DEB-B230-45E7-9C09-9323E8AAF4B6}.Release|x86.Build.0 = Release|Win32
		{95CDD953-522B-4198-A492-904C560822A4}.Debug|x64.ActiveCfg = Debug|x64
		{95CDD953-522B-4198-A492-904C560822A4}.Debug|x64.Build.0 = Debug|x64
		{95CDD953-522B-4198-A492-904C560822A4}.Debug|x86.ActiveCfg = Debug|Win32
		{95CDD953-522B-4198-A492-904C560822A4}.Debug|x86.Build.0 = Debug|Win32
		{95CDD953-522B-4198-A492-904C560822A4}.Release|x64.ActiveCfg = Release|x64
		{95CDD953-522B-4198-A492-904C560822A4}.Release|x64.Build.0 = Release|x64
		{95CDD953-522B-4198-A492-904C560822A4}.Release|x86.ActiveCfg = Release|Win32
		{95CDD953-522B-4198-A492-904C560822A4}.Release|x86.Build.0 = Release|Win32
		{33597CA9-BAD6-41AD-9829-97E8E862691A}.Debug|x64.ActiveCfg = Debug|x64
		{33597CA9-BAD6-41AD-9829-97E8E862691A}.Debug|x64.Build.0 = Debug|x64
		{33597CA9-BAD6-41AD-9829-97E8E862691A}.Debug|x86.ActiveCfg = Debug|Win32
		{33597CA9-BAD6-41AD-9829-97E8E862691A}.Debug|x86.Build.0 = Debug|Win32
		{33597CA9-BAD6-41AD-9829-97E8E862691A}.Release|x64.ActiveCfg = Release|x64
		{33597CA9-BAD6-41AD-9829-97E8E862691A}.Release|x64.Build.0 = Release|x64
		{33597CA9-BAD6-41AD-9829-97E8E862691A}.Release|x86.ActiveCfg = Release|Win32
		{33597CA9-BAD6-41AD-9829-97E8E862691A}.Release|x86.Build.0 = Release|Win32
		{DDF99DDE-D0E6-4D98-B3DD-6ABA64840B4F}.Debug|x64.ActiveCfg = Debug|x64
		{DDF99DDE-D0E6-4D98-B3DD-6ABA64840B4F}.Debug|x64.Build.0 = Debug|x64
		{DDF99DDE-D0E6-4D98-B3DD-6ABA64840B4F}.Debug|x86.ActiveCfg = Debug|Win32
		{DDF99DDE-D0E6-4D98-B3DD-6ABA64840B4F}.Debug|x86.Build.0 = Debug|Win32
		{DDF99DDE-D0E6-4D98-B3DD-6ABA64840B4F}.Release|x64.ActiveCfg = Release|x64
		{DDF99DDE-D0E6-4D98-B3DD-6ABA64840B4F}.Release|x64.Build.0 = Release|x64
		{DDF99DDE-D0E6-4D98-B3DD-6ABA64840B4F}.Release|x86.ActiveCfg = Release|Win32
		{DDF99DDE-D0E6-4D98-B3DD-6ABA64840B4F}.Release|x86.Build.0 = Release|Win32
		{1429E8E6-53D2-4941-995A-7923F1DC1F03}.Debug|x64.ActiveCfg = Debug|x64
		{1429E8E6-53D2-4941-995A-7923F1DC1F03}.Debug|x64.Build.0 = Debug|x64
		{1429E8E6-53D2-4941-995A-7923F1DC1F03}.Debug|x86.ActiveCfg = Debug|Win32
		{1429E8E6-53D2-4941-995A-7923F1DC1F03}.Debug|x86.Build.0 = Debug|Win32
		{1429E8E6-53D2-4941-995A-7923F1DC1F03}.Release|x64.ActiveCfg = Release|x64
		{1429E8E6-53D2-4941-995A-7923F1DC1F03}.Release|x64.Build.0 = Release|x64
		{1429E8E6-53D2-4941-995A-7923F1DC1F03}.Release|x86.ActiveCfg = Release|Win32
		{1429E8E6-53D2-4941-995A-7923F1DC1F03}.Release|x86.Build.0 = Release|Win32
		{6C577A9F-C0B8-45F4-8CEA-91D9DAD1AF6F}.Debug|x64.ActiveCfg = Debug|x64
		{6C577A9F-C0B8-45F4-8CEA-91D9DAD1AF6F}.Debug|x64.Build.0 = Debug|x64
		{6C577A9F-C0B8-45F4-8CEA-91D9DAD1AF6F}.Debug|x86.ActiveCfg = Debug|Win32
		{6C577A9F-C0B8-45F4-8CEA-91D9DAD1AF6F}.Debug|x86.Build.0 = Debug|Win32
		{6C577A9F-C0B8-45F4-8CEA-91D9DAD1AF6F}.Release|x64.ActiveCfg = Release|x64
		{6C577A9F-C0B8-45F4-8CEA-91D9DAD1AF6F}.Release|x64.Build.0 = Release|x64
		{6C577A9F-C0B8-45F4-8CEA-91D9DAD1AF6F}.Release|x86.ActiveCfg = Release|Win32
		{6C577A9F-C0B8-45F4-8CEA-91D9DAD1AF6F}.Release|x86.Build.0 = Release|Win32
		{2EA681D8-0C1A-4C42-A4D9-B7AA4FAFAC55}.Debug|x64.ActiveCfg = Debug|x64
		{2EA681D8-0C1A-4C42-A4D9-B7AA4FAFAC55}.Debug|x64.Build.0 = Debug|x64
		{2EA681D8-0C1A-4C42-A4D9-B7AA4FAFAC55}.Debug|x86.ActiveCfg = Debug|Win32
		{2EA681D8-0C1A-4C42-A4D9-B7AA4FAFAC55}.Debug|x86.Build.0 = Debug|Win32
		{2EA681D8-0C1A-4C42-A4D9-B7AA4FAFAC55}.Release|x64.ActiveCfg = Release|x64
		{2EA681D8-0C1A-4C42-A4D9-B7AA4FAFAC55}.Release|x64.Build.0 = Release|x64
		{2EA681D8-0C1A-4C42-A4D9-B7AA4FAFAC55}.Release|x86.ActiveCfg = Release|Win32
		{2EA681D8-0C1A-4C42-A4D9-B7AA4FAFAC55}.Release|x86.Build.0 = Release|Win32
		{E51C9477-CE79-4829-BEC6-6B849544B6FB}.Debug|x64.ActiveCfg = Debug|x64
		{E51C9477-CE79-4829-BEC6-6B849544B6FB}.Debug|x64.Build.0 = Debug|x64
		{E51C9477-CE79-4829-BEC6-6B849544B6FB}.Debug|x86.ActiveCfg = Debug|Win32
		{E51C9477-CE79-4829-BEC6-6B849544B6FB}.Debug|x86.Build.0 = Debug|Win32
		{E51C9477-CE79-4829-BEC6-6B849544B6FB}.Release|x64.ActiveCfg = Release|x64
		{E51C9477-CE79-4829-BEC6-6B849544B6FB}.Release|x64.Build.0 = Release|x64
		{E51C9477-CE79-4829-BEC6-6B849544B6FB}.Release|x86.ActiveCfg = Release|Win32
		{E51C9477-CE79-4829-BEC6-6B849544B6FB}.Release|x86.Build.0 = Release|Win32
		{79702AB0-12D0-4863-8CD0-E0EE04774DE5}.Debug|x64.ActiveCfg = Debug|x64
		{79702AB0-12D0-4863-8CD0-E0EE04774DE5}.Debug|x64.Build.0 = Debug|x64
		{79702AB0-12D0-4863-8CD0-E0EE04774DE5}.Debug|x86.ActiveCfg = Debug|Win32
		{79702AB0-12D0-4863-8CD0-E0EE04774DE5}.Debug|x86.Build.0 = Debug|Win32
		{79702AB0-12D0-4863-8CD0-E0EE04774DE5}.Release|x64.ActiveCfg = Release|x64
		{79702AB0-12D0-4863-8CD0-E0EE04774DE5}.Release|x64.Build.0 = Release|x64
		{79702AB0-12D0-4863-8CD0-E0EE04774DE5}.Release|x86.ActiveCfg = Release|Win32
		{79702AB0-12D0-4863-8CD0-E0EE04774DE5}.Release|x86.Build.0 = Release|Win32
		{CF6A0359-28C0-4462-B223-32FAD9E56B1F}.Debug|x64.ActiveCfg = Debug|x64
		{CF6A0359-28C0-4462-B223-32FAD9E56B1F}.Debug|x64.Build.0 = Debug|x64
		{CF6A0359-28C0-4462-B223-32FAD9E56B1F}.Debug|x86.ActiveCfg = Debug|Win32
		{CF6A0359-28C0-4462-B223-32FAD9E56B1F}.Debug|x86.Build.0 = Debug|Win32
		{CF6A0359-28C0-4462-B223-32FAD9E56B1F}.Release|x64.ActiveCfg = Release|x64
		{CF6A0359-28C0-4462-B223-32FAD9E56B1F}.Release|x64.Build.0 = Release|x64
		{CF6A0359-28C0-4462-B223-32FAD9E56B1F}.Release|x86.ActiveCfg = Release|Win32
		{CF6A0359-28C0-4462-B223-32FAD9E56B1F}.Release|x86.Build.0 = Release|Win32
	EndGlobalSection
	GlobalSection(SolutionProperties) = preSolution
		HideSolutionNode = FALSE
	EndGlobalSection
	GlobalSection(ExtensibilityGlobals) = postSolution
		SolutionGuid = {423DBC2E-2A0D-4187-A93A-08CAF09475CC}
	EndGlobalSection
EndGlobal
